
Microsoft Visual Studio Solution File, Format Version 12.00
# Visual Studio Version 16
VisualStudioVersion = 16.0.31410.357
MinimumVisualStudioVersion = 10.0.40219.1
Project("{FAE04EC0-301F-11D3-BF4B-00C04F79EFBC}") = "TCManager", "TCManager.csproj", "{B2FBEE06-C9D8-41D9-B476-8AE7A54EE27C}"
EndProject
Global
	GlobalSection(SolutionConfigurationPlatforms) = preSolution
		Debug|Any CPU = Debug|Any CPU
		Release|Any CPU = Release|Any CPU
	EndGlobalSection
	GlobalSection(ProjectConfigurationPlatforms) = postSolution
		{B2FBEE06-C9D8-41D9-B476-8AE7A54EE27C}.Debug|Any CPU.ActiveCfg = Debug|Any CPU
		{B2FBEE06-C9D8-41D9-B476-8AE7A54EE27C}.Debug|Any CPU.Build.0 = Debug|Any CPU
		{B2FBEE06-C9D8-41D9-B476-8AE7A54EE27C}.Release|Any CPU.ActiveCfg = Release|Any CPU
		{B2FBEE06-C9D8-41D9-B476-8AE7A54EE27C}.Release|Any CPU.Build.0 = Release|Any CPU
	EndGlobalSection
	GlobalSection(SolutionProperties) = preSolution
		HideSolutionNode = FALSE
	EndGlobalSection
	GlobalSection(ExtensibilityGlobals) = postSolution
		SolutionGuid = {F09056FE-C502-4EF4-B5FA-3E326C6D58F7}
	EndGlobalSection
EndGlobal
